
Microsoft Visual Studio Solution File, Format Version 12.00
# Visual Studio Version 17
VisualStudioVersion = 17.7.34009.444
MinimumVisualStudioVersion = 10.0.40219.1
Project("{FAE04EC0-301F-11D3-BF4B-00C04F79EFBC}") = "DapperApp", "DapperApp\DapperApp.csproj", "{33B2F42B-970F-4251-B623-0CC8920DB261}"
EndProject
Project("{FAE04EC0-301F-11D3-BF4B-00C04F79EFBC}") = "Repository", "Repository\Repository.csproj", "{F09F5DE7-DEF7-4157-9C96-40A01689AA60}"
EndProject
Global
	GlobalSection(SolutionConfigurationPlatforms) = preSolution
		Debug|Any CPU = Debug|Any CPU
		Release|Any CPU = Release|Any CPU
	EndGlobalSection
	GlobalSection(ProjectConfigurationPlatforms) = postSolution
		{33B2F42B-970F-4251-B623-0CC8920DB261}.Debug|Any CPU.ActiveCfg = Debug|Any CPU
		{33B2F42B-970F-4251-B623-0CC8920DB261}.Debug|Any CPU.Build.0 = Debug|Any CPU
		{33B2F42B-970F-4251-B623-0CC8920DB261}.Release|Any CPU.ActiveCfg = Release|Any CPU
		{33B2F42B-970F-4251-B623-0CC8920DB261}.Release|Any CPU.Build.0 = Release|Any CPU
		{F09F5DE7-DEF7-4157-9C96-40A01689AA60}.Debug|Any CPU.ActiveCfg = Debug|Any CPU
		{F09F5DE7-DEF7-4157-9C96-40A01689AA60}.Debug|Any CPU.Build.0 = Debug|Any CPU
		{F09F5DE7-DEF7-4157-9C96-40A01689AA60}.Release|Any CPU.ActiveCfg = Release|Any CPU
		{F09F5DE7-DEF7-4157-9C96-40A01689AA60}.Release|Any CPU.Build.0 = Release|Any CPU
	EndGlobalSection
	GlobalSection(SolutionProperties) = preSolution
		HideSolutionNode = FALSE
	EndGlobalSection
	GlobalSection(ExtensibilityGlobals) = postSolution
		SolutionGuid = {B264ECB6-B05D-4E8B-819F-48FB348BFA4C}
	EndGlobalSection
EndGlobal
