
Microsoft Visual Studio Solution File, Format Version 12.00
# Visual Studio Version 17
VisualStudioVersion = 17.7.34009.444
MinimumVisualStudioVersion = 10.0.40219.1
Project("{FAE04EC0-301F-11D3-BF4B-00C04F79EFBC}") = "DI_CreateIocContainer", "DI_CreateIocContainer\DI_CreateIocContainer.csproj", "{CAFA535E-418D-4ADB-BC88-21055ACB20FF}"
EndProject
Global
	GlobalSection(SolutionConfigurationPlatforms) = preSolution
		Debug|Any CPU = Debug|Any CPU
		Release|Any CPU = Release|Any CPU
	EndGlobalSection
	GlobalSection(ProjectConfigurationPlatforms) = postSolution
		{CAFA535E-418D-4ADB-BC88-21055ACB20FF}.Debug|Any CPU.ActiveCfg = Debug|Any CPU
		{CAFA535E-418D-4ADB-BC88-21055ACB20FF}.Debug|Any CPU.Build.0 = Debug|Any CPU
		{CAFA535E-418D-4ADB-BC88-21055ACB20FF}.Release|Any CPU.ActiveCfg = Release|Any CPU
		{CAFA535E-418D-4ADB-BC88-21055ACB20FF}.Release|Any CPU.Build.0 = Release|Any CPU
	EndGlobalSection
	GlobalSection(SolutionProperties) = preSolution
		HideSolutionNode = FALSE
	EndGlobalSection
	GlobalSection(ExtensibilityGlobals) = postSolution
		SolutionGuid = {434F837A-68C9-4C63-9127-D001AED90FB2}
	EndGlobalSection
EndGlobal
