
Microsoft Visual Studio Solution File, Format Version 12.00
# Visual Studio Version 17
VisualStudioVersion = 17.7.34009.444
MinimumVisualStudioVersion = 10.0.40219.1
Project("{FAE04EC0-301F-11D3-BF4B-00C04F79EFBC}") = "LinqQuantifiers", "LinqQuantifiers\LinqQuantifiers.csproj", "{6AF11DF0-AEE8-4856-A6C1-E3F9BA3E43CD}"
EndProject
Global
	GlobalSection(SolutionConfigurationPlatforms) = preSolution
		Debug|Any CPU = Debug|Any CPU
		Release|Any CPU = Release|Any CPU
	EndGlobalSection
	GlobalSection(ProjectConfigurationPlatforms) = postSolution
		{6AF11DF0-AEE8-4856-A6C1-E3F9BA3E43CD}.Debug|Any CPU.ActiveCfg = Debug|Any CPU
		{6AF11DF0-AEE8-4856-A6C1-E3F9BA3E43CD}.Debug|Any CPU.Build.0 = Debug|Any CPU
		{6AF11DF0-AEE8-4856-A6C1-E3F9BA3E43CD}.Release|Any CPU.ActiveCfg = Release|Any CPU
		{6AF11DF0-AEE8-4856-A6C1-E3F9BA3E43CD}.Release|Any CPU.Build.0 = Release|Any CPU
	EndGlobalSection
	GlobalSection(SolutionProperties) = preSolution
		HideSolutionNode = FALSE
	EndGlobalSection
	GlobalSection(ExtensibilityGlobals) = postSolution
		SolutionGuid = {F5D50D46-6FFD-4DAD-8DF4-53B698B29B6F}
	EndGlobalSection
EndGlobal
